// !$*UTF8*$!
{
	archiveVersion = 1;
	classes = {
	};
	objectVersion = 50;
	objects = {

/* Begin PBXBuildFile section */
		04B31492207A73D000D97702 /* AppDelegate.swift in Sources */ = {isa = PBXBuildFile; fileRef = 04B31491207A73D000D97702 /* AppDelegate.swift */; };
		04B31494207A73D000D97702 /* SetViewController.swift in Sources */ = {isa = PBXBuildFile; fileRef = 04B31493207A73D000D97702 /* SetViewController.swift */; };
		04B31497207A73D000D97702 /* Main.storyboard in Resources */ = {isa = PBXBuildFile; fileRef = 04B31495207A73D000D97702 /* Main.storyboard */; };
		04B31499207A73D100D97702 /* Assets.xcassets in Resources */ = {isa = PBXBuildFile; fileRef = 04B31498207A73D100D97702 /* Assets.xcassets */; };
		04B3149C207A73D200D97702 /* LaunchScreen.storyboard in Resources */ = {isa = PBXBuildFile; fileRef = 04B3149A207A73D100D97702 /* LaunchScreen.storyboard */; };
		04B314A5207A83DF00D97702 /* Constants.swift in Sources */ = {isa = PBXBuildFile; fileRef = 04B314A4207A83DF00D97702 /* Constants.swift */; };
		04B314A7207A842700D97702 /* Set.swift in Sources */ = {isa = PBXBuildFile; fileRef = 04B314A6207A842700D97702 /* Set.swift */; };
		04B314A9207A862B00D97702 /* Card.swift in Sources */ = {isa = PBXBuildFile; fileRef = 04B314A8207A862B00D97702 /* Card.swift */; };
		04B314AB207A886900D97702 /* Extensions.swift in Sources */ = {isa = PBXBuildFile; fileRef = 04B314AA207A886900D97702 /* Extensions.swift */; };
		04B314AD207A8F0100D97702 /* Deck.swift in Sources */ = {isa = PBXBuildFile; fileRef = 04B314AC207A8F0100D97702 /* Deck.swift */; };
/* End PBXBuildFile section */

/* Begin PBXFileReference section */
		04B3148E207A73D000D97702 /* Set.app */ = {isa = PBXFileReference; explicitFileType = wrapper.application; includeInIndex = 0; path = Set.app; sourceTree = BUILT_PRODUCTS_DIR; };
		04B31491207A73D000D97702 /* AppDelegate.swift */ = {isa = PBXFileReference; lastKnownFileType = sourcecode.swift; path = AppDelegate.swift; sourceTree = "<group>"; };
		04B31493207A73D000D97702 /* SetViewController.swift */ = {isa = PBXFileReference; lastKnownFileType = sourcecode.swift; path = SetViewController.swift; sourceTree = "<group>"; };
		04B31496207A73D000D97702 /* Base */ = {isa = PBXFileReference; lastKnownFileType = file.storyboard; name = Base; path = Base.lproj/Main.storyboard; sourceTree = "<group>"; };
		04B31498207A73D100D97702 /* Assets.xcassets */ = {isa = PBXFileReference; lastKnownFileType = folder.assetcatalog; path = Assets.xcassets; sourceTree = "<group>"; };
		04B3149B207A73D100D97702 /* Base */ = {isa = PBXFileReference; lastKnownFileType = file.storyboard; name = Base; path = Base.lproj/LaunchScreen.storyboard; sourceTree = "<group>"; };
		04B3149D207A73D200D97702 /* Info.plist */ = {isa = PBXFileReference; lastKnownFileType = text.plist.xml; path = Info.plist; sourceTree = "<group>"; };
		04B314A4207A83DF00D97702 /* Constants.swift */ = {isa = PBXFileReference; lastKnownFileType = sourcecode.swift; path = Constants.swift; sourceTree = "<group>"; };
		04B314A6207A842700D97702 /* Set.swift */ = {isa = PBXFileReference; lastKnownFileType = sourcecode.swift; path = Set.swift; sourceTree = "<group>"; };
		04B314A8207A862B00D97702 /* Card.swift */ = {isa = PBXFileReference; lastKnownFileType = sourcecode.swift; path = Card.swift; sourceTree = "<group>"; };
		04B314AA207A886900D97702 /* Extensions.swift */ = {isa = PBXFileReference; lastKnownFileType = sourcecode.swift; path = Extensions.swift; sourceTree = "<group>"; };
		04B314AC207A8F0100D97702 /* Deck.swift */ = {isa = PBXFileReference; lastKnownFileType = sourcecode.swift; path = Deck.swift; sourceTree = "<group>"; };
/* End PBXFileReference section */

/* Begin PBXFrameworksBuildPhase section */
		04B3148B207A73D000D97702 /* Frameworks */ = {
			isa = PBXFrameworksBuildPhase;
			buildActionMask = 2147483647;
			files = (
			);
			runOnlyForDeploymentPostprocessing = 0;
		};
/* End PBXFrameworksBuildPhase section */

/* Begin PBXGroup section */
		04B31485207A73D000D97702 = {
			isa = PBXGroup;
			children = (
				04B31490207A73D000D97702 /* Set */,
				04B3148F207A73D000D97702 /* Products */,
			);
			sourceTree = "<group>";
		};
		04B3148F207A73D000D97702 /* Products */ = {
			isa = PBXGroup;
			children = (
				04B3148E207A73D000D97702 /* Set.app */,
			);
			name = Products;
			sourceTree = "<group>";
		};
		04B31490207A73D000D97702 /* Set */ = {
			isa = PBXGroup;
			children = (
				04B31495207A73D000D97702 /* Main.storyboard */,
				04B31493207A73D000D97702 /* SetViewController.swift */,
				04B314A6207A842700D97702 /* Set.swift */,
				04B314AC207A8F0100D97702 /* Deck.swift */,
				04B314A8207A862B00D97702 /* Card.swift */,
				04B314A4207A83DF00D97702 /* Constants.swift */,
				04B314AA207A886900D97702 /* Extensions.swift */,
				04B3149D207A73D200D97702 /* Info.plist */,
				04B314A3207A743800D97702 /* Support Files */,
			);
			path = Set;
			sourceTree = "<group>";
		};
		04B314A3207A743800D97702 /* Support Files */ = {
			isa = PBXGroup;
			children = (
				04B31491207A73D000D97702 /* AppDelegate.swift */,
				04B31498207A73D100D97702 /* Assets.xcassets */,
				04B3149A207A73D100D97702 /* LaunchScreen.storyboard */,
			);
			path = "Support Files";
			sourceTree = "<group>";
		};
/* End PBXGroup section */

/* Begin PBXNativeTarget section */
		04B3148D207A73D000D97702 /* Set */ = {
			isa = PBXNativeTarget;
			buildConfigurationList = 04B314A0207A73D200D97702 /* Build configuration list for PBXNativeTarget "Set" */;
			buildPhases = (
				04B3148A207A73D000D97702 /* Sources */,
				04B3148B207A73D000D97702 /* Frameworks */,
				04B3148C207A73D000D97702 /* Resources */,
			);
			buildRules = (
			);
			dependencies = (
			);
			name = Set;
			productName = Set;
			productReference = 04B3148E207A73D000D97702 /* Set.app */;
			productType = "com.apple.product-type.application";
		};
/* End PBXNativeTarget section */

/* Begin PBXProject section */
		04B31486207A73D000D97702 /* Project object */ = {
			isa = PBXProject;
			attributes = {
				LastSwiftUpdateCheck = 0930;
				LastUpgradeCheck = 0930;
				ORGANIZATIONNAME = Mac;
				TargetAttributes = {
					04B3148D207A73D000D97702 = {
						CreatedOnToolsVersion = 9.3;
					};
				};
			};
			buildConfigurationList = 04B31489207A73D000D97702 /* Build configuration list for PBXProject "Set" */;
			compatibilityVersion = "Xcode 9.3";
			developmentRegion = en;
			hasScannedForEncodings = 0;
			knownRegions = (
				en,
				Base,
			);
			mainGroup = 04B31485207A73D000D97702;
			productRefGroup = 04B3148F207A73D000D97702 /* Products */;
			projectDirPath = "";
			projectRoot = "";
			targets = (
				04B3148D207A73D000D97702 /* Set */,
			);
		};
/* End PBXProject section */

/* Begin PBXResourcesBuildPhase section */
		04B3148C207A73D000D97702 /* Resources */ = {
			isa = PBXResourcesBuildPhase;
			buildActionMask = 2147483647;
			files = (
				04B3149C207A73D200D97702 /* LaunchScreen.storyboard in Resources */,
				04B31499207A73D100D97702 /* Assets.xcassets in Resources */,
				04B31497207A73D000D97702 /* Main.storyboard in Resources */,
			);
			runOnlyForDeploymentPostprocessing = 0;
		};
/* End PBXResourcesBuildPhase section */

/* Begin PBXSourcesBuildPhase section */
		04B3148A207A73D000D97702 /* Sources */ = {
			isa = PBXSourcesBuildPhase;
			buildActionMask = 2147483647;
			files = (
				04B314AD207A8F0100D97702 /* Deck.swift in Sources */,
				04B314A7207A842700D97702 /* Set.swift in Sources */,
				04B314AB207A886900D97702 /* Extensions.swift in Sources */,
				04B31494207A73D000D97702 /* SetViewController.swift in Sources */,
				04B314A9207A862B00D97702 /* Card.swift in Sources */,
				04B31492207A73D000D97702 /* AppDelegate.swift in Sources */,
				04B314A5207A83DF00D97702 /* Constants.swift in Sources */,
			);
			runOnlyForDeploymentPostprocessing = 0;
		};
/* End PBXSourcesBuildPhase section */

/* Begin PBXVariantGroup section */
		04B31495207A73D000D97702 /* Main.storyboard */ = {
			isa = PBXVariantGroup;
			children = (
				04B31496207A73D000D97702 /* Base */,
			);
			name = Main.storyboard;
			sourceTree = "<group>";
		};
		04B3149A207A73D100D97702 /* LaunchScreen.storyboard */ = {
			isa = PBXVariantGroup;
			children = (
				04B3149B207A73D100D97702 /* Base */,
			);
			name = LaunchScreen.storyboard;
			sourceTree = "<group>";
		};
/* End PBXVariantGroup section */

/* Begin XCBuildConfiguration section */
		04B3149E207A73D200D97702 /* Debug */ = {
			isa = XCBuildConfiguration;
			buildSettings = {
				ALWAYS_SEARCH_USER_PATHS = NO;
				CLANG_ANALYZER_NONNULL = YES;
				CLANG_ANALYZER_NUMBER_OBJECT_CONVERSION = YES_AGGRESSIVE;
				CLANG_CXX_LANGUAGE_STANDARD = "gnu++14";
				CLANG_CXX_LIBRARY = "libc++";
				CLANG_ENABLE_MODULES = YES;
				CLANG_ENABLE_OBJC_ARC = YES;
				CLANG_ENABLE_OBJC_WEAK = YES;
				CLANG_WARN_BLOCK_CAPTURE_AUTORELEASING = YES;
				CLANG_WARN_BOOL_CONVERSION = YES;
				CLANG_WARN_COMMA = YES;
				CLANG_WARN_CONSTANT_CONVERSION = YES;
				CLANG_WARN_DEPRECATED_OBJC_IMPLEMENTATIONS = YES;
				CLANG_WARN_DIRECT_OBJC_ISA_USAGE = YES_ERROR;
				CLANG_WARN_DOCUMENTATION_COMMENTS = YES;
				CLANG_WARN_EMPTY_BODY = YES;
				CLANG_WARN_ENUM_CONVERSION = YES;
				CLANG_WARN_INFINITE_RECURSION = YES;
				CLANG_WARN_INT_CONVERSION = YES;
				CLANG_WARN_NON_LITERAL_NULL_CONVERSION = YES;
				CLANG_WARN_OBJC_IMPLICIT_RETAIN_SELF = YES;
				CLANG_WARN_OBJC_LITERAL_CONVERSION = YES;
				CLANG_WARN_OBJC_ROOT_CLASS = YES_ERROR;
				CLANG_WARN_RANGE_LOOP_ANALYSIS = YES;
				CLANG_WARN_STRICT_PROTOTYPES = YES;
				CLANG_WARN_SUSPICIOUS_MOVE = YES;
				CLANG_WARN_UNGUARDED_AVAILABILITY = YES_AGGRESSIVE;
				CLANG_WARN_UNREACHABLE_CODE = YES;
				CLANG_WARN__DUPLICATE_METHOD_MATCH = YES;
				CODE_SIGN_IDENTITY = "iPhone Developer";
				COPY_PHASE_STRIP = NO;
				DEBUG_INFORMATION_FORMAT = dwarf;
				ENABLE_STRICT_OBJC_MSGSEND = YES;
				ENABLE_TESTABILITY = YES;
				GCC_C_LANGUAGE_STANDARD = gnu11;
				GCC_DYNAMIC_NO_PIC = NO;
				GCC_NO_COMMON_BLOCKS = YES;
				GCC_OPTIMIZATION_LEVEL = 0;
				GCC_PREPROCESSOR_DEFINITIONS = (
					"DEBUG=1",
					"$(inherited)",
				);
				GCC_WARN_64_TO_32_BIT_CONVERSION = YES;
				GCC_WARN_ABOUT_RETURN_TYPE = YES_ERROR;
				GCC_WARN_UNDECLARED_SELECTOR = YES;
				GCC_WARN_UNINITIALIZED_AUTOS = YES_AGGRESSIVE;
				GCC_WARN_UNUSED_FUNCTION = YES;
				GCC_WARN_UNUSED_VARIABLE = YES;
				IPHONEOS_DEPLOYMENT_TARGET = 11.3;
				MTL_ENABLE_DEBUG_INFO = YES;
				ONLY_ACTIVE_ARCH = YES;
				SDKROOT = iphoneos;
				SWIFT_ACTIVE_COMPILATION_CONDITIONS = DEBUG;
				SWIFT_OPTIMIZATION_LEVEL = "-Onone";
			};
			name = Debug;
		};
		04B3149F207A73D200D97702 /* Release */ = {
			isa = XCBuildConfiguration;
			buildSettings = {
				ALWAYS_SEARCH_USER_PATHS = NO;
				CLANG_ANALYZER_NONNULL = YES;
				CLANG_ANALYZER_NUMBER_OBJECT_CONVERSION = YES_AGGRESSIVE;
				CLANG_CXX_LANGUAGE_STANDARD = "gnu++14";
				CLANG_CXX_LIBRARY = "libc++";
				CLANG_ENABLE_MODULES = YES;
				CLANG_ENABLE_OBJC_ARC = YES;
				CLANG_ENABLE_OBJC_WEAK = YES;
				CLANG_WARN_BLOCK_CAPTURE_AUTORELEASING = YES;
				CLANG_WARN_BOOL_CONVERSION = YES;
				CLANG_WARN_COMMA = YES;
				CLANG_WARN_CONSTANT_CONVERSION = YES;
				CLANG_WARN_DEPRECATED_OBJC_IMPLEMENTATIONS = YES;
				CLANG_WARN_DIRECT_OBJC_ISA_USAGE = YES_ERROR;
				CLANG_WARN_DOCUMENTATION_COMMENTS = YES;
				CLANG_WARN_EMPTY_BODY = YES;
				CLANG_WARN_ENUM_CONVERSION = YES;
				CLANG_WARN_INFINITE_RECURSION = YES;
				CLANG_WARN_INT_CONVERSION = YES;
				CLANG_WARN_NON_LITERAL_NULL_CONVERSION = YES;
				CLANG_WARN_OBJC_IMPLICIT_RETAIN_SELF = YES;
				CLANG_WARN_OBJC_LITERAL_CONVERSION = YES;
				CLANG_WARN_OBJC_ROOT_CLASS = YES_ERROR;
				CLANG_WARN_RANGE_LOOP_ANALYSIS = YES;
				CLANG_WARN_STRICT_PROTOTYPES = YES;
				CLANG_WARN_SUSPICIOUS_MOVE = YES;
				CLANG_WARN_UNGUARDED_AVAILABILITY = YES_AGGRESSIVE;
				CLANG_WARN_UNREACHABLE_CODE = YES;
				CLANG_WARN__DUPLICATE_METHOD_MATCH = YES;
				CODE_SIGN_IDENTITY = "iPhone Developer";
				COPY_PHASE_STRIP = NO;
				DEBUG_INFORMATION_FORMAT = "dwarf-with-dsym";
				ENABLE_NS_ASSERTIONS = NO;
				ENABLE_STRICT_OBJC_MSGSEND = YES;
				GCC_C_LANGUAGE_STANDARD = gnu11;
				GCC_NO_COMMON_BLOCKS = YES;
				GCC_WARN_64_TO_32_BIT_CONVERSION = YES;
				GCC_WARN_ABOUT_RETURN_TYPE = YES_ERROR;
				GCC_WARN_UNDECLARED_SELECTOR = YES;
				GCC_WARN_UNINITIALIZED_AUTOS = YES_AGGRESSIVE;
				GCC_WARN_UNUSED_FUNCTION = YES;
				GCC_WARN_UNUSED_VARIABLE = YES;
				IPHONEOS_DEPLOYMENT_TARGET = 11.3;
				MTL_ENABLE_DEBUG_INFO = NO;
				SDKROOT = iphoneos;
				SWIFT_COMPILATION_MODE = wholemodule;
				SWIFT_OPTIMIZATION_LEVEL = "-O";
				VALIDATE_PRODUCT = YES;
			};
			name = Release;
		};
		04B314A1207A73D200D97702 /* Debug */ = {
			isa = XCBuildConfiguration;
			buildSettings = {
				ASSETCATALOG_COMPILER_APPICON_NAME = AppIcon;
				CODE_SIGN_STYLE = Automatic;
				INFOPLIST_FILE = Set/Info.plist;
				LD_RUNPATH_SEARCH_PATHS = (
					"$(inherited)",
					"@executable_path/Frameworks",
				);
				PRODUCT_BUNDLE_IDENTIFIER = com.example.Set;
				PRODUCT_NAME = "$(TARGET_NAME)";
				SWIFT_VERSION = 4.0;
				TARGETED_DEVICE_FAMILY = "1,2";
			};
			name = Debug;
		};
		04B314A2207A73D200D97702 /* Release */ = {
			isa = XCBuildConfiguration;
			buildSettings = {
				ASSETCATALOG_COMPILER_APPICON_NAME = AppIcon;
				CODE_SIGN_STYLE = Automatic;
				INFOPLIST_FILE = Set/Info.plist;
				LD_RUNPATH_SEARCH_PATHS = (
					"$(inherited)",
					"@executable_path/Frameworks",
				);
				PRODUCT_BUNDLE_IDENTIFIER = com.example.Set;
				PRODUCT_NAME = "$(TARGET_NAME)";
				SWIFT_VERSION = 4.0;
				TARGETED_DEVICE_FAMILY = "1,2";
			};
			name = Release;
		};
/* End XCBuildConfiguration section */

/* Begin XCConfigurationList section */
		04B31489207A73D000D97702 /* Build configuration list for PBXProject "Set" */ = {
			isa = XCConfigurationList;
			buildConfigurations = (
				04B3149E207A73D200D97702 /* Debug */,
				04B3149F207A73D200D97702 /* Release */,
			);
			defaultConfigurationIsVisible = 0;
			defaultConfigurationName = Release;
		};
		04B314A0207A73D200D97702 /* Build configuration list for PBXNativeTarget "Set" */ = {
			isa = XCConfigurationList;
			buildConfigurations = (
				04B314A1207A73D200D97702 /* Debug */,
				04B314A2207A73D200D97702 /* Release */,
			);
			defaultConfigurationIsVisible = 0;
			defaultConfigurationName = Release;
		};
/* End XCConfigurationList section */
	};
	rootObject = 04B31486207A73D000D97702 /* Project object */;
}
